// !$*UTF8*$!
{
	archiveVersion = 1;
	classes = {
	};
	objectVersion = 52;
	objects = {

/* Begin PBXBuildFile section */
		62C1D9B025E695EC00C3A312 /* AppDelegate.swift in Sources */ = {isa = PBXBuildFile; fileRef = 62C1D9AF25E695EC00C3A312 /* AppDelegate.swift */; };
		62C1D9B225E695EC00C3A312 /* SceneDelegate.swift in Sources */ = {isa = PBXBuildFile; fileRef = 62C1D9B125E695EC00C3A312 /* SceneDelegate.swift */; };
		62C1D9B725E695EC00C3A312 /* Main.storyboard in Resources */ = {isa = PBXBuildFile; fileRef = 62C1D9B525E695EC00C3A312 /* Main.storyboard */; };
		62C1D9B925E695EF00C3A312 /* Assets.xcassets in Resources */ = {isa = PBXBuildFile; fileRef = 62C1D9B825E695EF00C3A312 /* Assets.xcassets */; };
		62C1D9BC25E695EF00C3A312 /* LaunchScreen.storyboard in Resources */ = {isa = PBXBuildFile; fileRef = 62C1D9BA25E695EF00C3A312 /* LaunchScreen.storyboard */; };
		62C1D9C725E695EF00C3A312 /* PhotoLibraryTests.swift in Sources */ = {isa = PBXBuildFile; fileRef = 62C1D9C625E695EF00C3A312 /* PhotoLibraryTests.swift */; };
		62C1D9D325E6A51D00C3A312 /* Alamofire in Frameworks */ = {isa = PBXBuildFile; productRef = 62C1D9D225E6A51D00C3A312 /* Alamofire */; };
		62C1D9D825E6A5AF00C3A312 /* RxSwift in Frameworks */ = {isa = PBXBuildFile; productRef = 62C1D9D725E6A5AF00C3A312 /* RxSwift */; };
		62C1D9DA25E6A5AF00C3A312 /* RxCocoa in Frameworks */ = {isa = PBXBuildFile; productRef = 62C1D9D925E6A5AF00C3A312 /* RxCocoa */; };
		62C1D9DC25E6C17200C3A312 /* PhotoLibraryService.swift in Sources */ = {isa = PBXBuildFile; fileRef = 62C1D9DB25E6C17200C3A312 /* PhotoLibraryService.swift */; };
		62C1D9DE25E6C57300C3A312 /* PhotoLibraryModels.swift in Sources */ = {isa = PBXBuildFile; fileRef = 62C1D9DD25E6C57300C3A312 /* PhotoLibraryModels.swift */; };
		62C1D9E225E7298000C3A312 /* PhotoLibraryView.swift in Sources */ = {isa = PBXBuildFile; fileRef = 62C1D9E125E7298000C3A312 /* PhotoLibraryView.swift */; };
		62C1D9E425E7298900C3A312 /* PhotoLibraryViewController.swift in Sources */ = {isa = PBXBuildFile; fileRef = 62C1D9E325E7298900C3A312 /* PhotoLibraryViewController.swift */; };
		62C1D9E625E72A7D00C3A312 /* PhotoLibraryCollectionViewCell.swift in Sources */ = {isa = PBXBuildFile; fileRef = 62C1D9E525E72A7D00C3A312 /* PhotoLibraryCollectionViewCell.swift */; };
		62C1D9E825E7F49D00C3A312 /* PhotoLibraryCollectionViewCellViewModel.swift in Sources */ = {isa = PBXBuildFile; fileRef = 62C1D9E725E7F49D00C3A312 /* PhotoLibraryCollectionViewCellViewModel.swift */; };
/* End PBXBuildFile section */

/* Begin PBXContainerItemProxy section */
		62C1D9C325E695EF00C3A312 /* PBXContainerItemProxy */ = {
			isa = PBXContainerItemProxy;
			containerPortal = 62C1D9A425E695EC00C3A312 /* Project object */;
			proxyType = 1;
			remoteGlobalIDString = 62C1D9AB25E695EC00C3A312;
			remoteInfo = PhotoLibrary;
		};
/* End PBXContainerItemProxy section */

/* Begin PBXFileReference section */
		62C1D9AC25E695EC00C3A312 /* PhotoLibrary.app */ = {isa = PBXFileReference; explicitFileType = wrapper.application; includeInIndex = 0; path = PhotoLibrary.app; sourceTree = BUILT_PRODUCTS_DIR; };
		62C1D9AF25E695EC00C3A312 /* AppDelegate.swift */ = {isa = PBXFileReference; lastKnownFileType = sourcecode.swift; path = AppDelegate.swift; sourceTree = "<group>"; };
		62C1D9B125E695EC00C3A312 /* SceneDelegate.swift */ = {isa = PBXFileReference; lastKnownFileType = sourcecode.swift; path = SceneDelegate.swift; sourceTree = "<group>"; };
		62C1D9B625E695EC00C3A312 /* Base */ = {isa = PBXFileReference; lastKnownFileType = file.storyboard; name = Base; path = Base.lproj/Main.storyboard; sourceTree = "<group>"; };
		62C1D9B825E695EF00C3A312 /* Assets.xcassets */ = {isa = PBXFileReference; lastKnownFileType = folder.assetcatalog; path = Assets.xcassets; sourceTree = "<group>"; };
		62C1D9BB25E695EF00C3A312 /* Base */ = {isa = PBXFileReference; lastKnownFileType = file.storyboard; name = Base; path = Base.lproj/LaunchScreen.storyboard; sourceTree = "<group>"; };
		62C1D9BD25E695EF00C3A312 /* Info.plist */ = {isa = PBXFileReference; lastKnownFileType = text.plist.xml; path = Info.plist; sourceTree = "<group>"; };
		62C1D9C225E695EF00C3A312 /* PhotoLibraryTests.xctest */ = {isa = PBXFileReference; explicitFileType = wrapper.cfbundle; includeInIndex = 0; path = PhotoLibraryTests.xctest; sourceTree = BUILT_PRODUCTS_DIR; };
		62C1D9C625E695EF00C3A312 /* PhotoLibraryTests.swift */ = {isa = PBXFileReference; lastKnownFileType = sourcecode.swift; path = PhotoLibraryTests.swift; sourceTree = "<group>"; };
		62C1D9C825E695EF00C3A312 /* Info.plist */ = {isa = PBXFileReference; lastKnownFileType = text.plist.xml; path = Info.plist; sourceTree = "<group>"; };
		62C1D9DB25E6C17200C3A312 /* PhotoLibraryService.swift */ = {isa = PBXFileReference; lastKnownFileType = sourcecode.swift; path = PhotoLibraryService.swift; sourceTree = "<group>"; };
		62C1D9DD25E6C57300C3A312 /* PhotoLibraryModels.swift */ = {isa = PBXFileReference; lastKnownFileType = sourcecode.swift; path = PhotoLibraryModels.swift; sourceTree = "<group>"; };
		62C1D9E125E7298000C3A312 /* PhotoLibraryView.swift */ = {isa = PBXFileReference; lastKnownFileType = sourcecode.swift; path = PhotoLibraryView.swift; sourceTree = "<group>"; };
		62C1D9E325E7298900C3A312 /* PhotoLibraryViewController.swift */ = {isa = PBXFileReference; lastKnownFileType = sourcecode.swift; path = PhotoLibraryViewController.swift; sourceTree = "<group>"; };
		62C1D9E525E72A7D00C3A312 /* PhotoLibraryCollectionViewCell.swift */ = {isa = PBXFileReference; lastKnownFileType = sourcecode.swift; path = PhotoLibraryCollectionViewCell.swift; sourceTree = "<group>"; };
		62C1D9E725E7F49D00C3A312 /* PhotoLibraryCollectionViewCellViewModel.swift */ = {isa = PBXFileReference; lastKnownFileType = sourcecode.swift; path = PhotoLibraryCollectionViewCellViewModel.swift; sourceTree = "<group>"; };
/* End PBXFileReference section */

/* Begin PBXFrameworksBuildPhase section */
		62C1D9A925E695EC00C3A312 /* Frameworks */ = {
			isa = PBXFrameworksBuildPhase;
			buildActionMask = 2147483647;
			files = (
				62C1D9D825E6A5AF00C3A312 /* RxSwift in Frameworks */,
				62C1D9DA25E6A5AF00C3A312 /* RxCocoa in Frameworks */,
				62C1D9D325E6A51D00C3A312 /* Alamofire in Frameworks */,
			);
			runOnlyForDeploymentPostprocessing = 0;
		};
		62C1D9BF25E695EF00C3A312 /* Frameworks */ = {
			isa = PBXFrameworksBuildPhase;
			buildActionMask = 2147483647;
			files = (
			);
			runOnlyForDeploymentPostprocessing = 0;
		};
/* End PBXFrameworksBuildPhase section */

/* Begin PBXGroup section */
		62C1D9A325E695EC00C3A312 = {
			isa = PBXGroup;
			children = (
				62C1D9AE25E695EC00C3A312 /* PhotoLibrary */,
				62C1D9C525E695EF00C3A312 /* PhotoLibraryTests */,
				62C1D9AD25E695EC00C3A312 /* Products */,
			);
			sourceTree = "<group>";
		};
		62C1D9AD25E695EC00C3A312 /* Products */ = {
			isa = PBXGroup;
			children = (
				62C1D9AC25E695EC00C3A312 /* PhotoLibrary.app */,
				62C1D9C225E695EF00C3A312 /* PhotoLibraryTests.xctest */,
			);
			name = Products;
			sourceTree = "<group>";
		};
		62C1D9AE25E695EC00C3A312 /* PhotoLibrary */ = {
			isa = PBXGroup;
			children = (
				62C1D9AF25E695EC00C3A312 /* AppDelegate.swift */,
				62C1D9B125E695EC00C3A312 /* SceneDelegate.swift */,
				62C1D9E125E7298000C3A312 /* PhotoLibraryView.swift */,
				62C1D9E525E72A7D00C3A312 /* PhotoLibraryCollectionViewCell.swift */,
				62C1D9E725E7F49D00C3A312 /* PhotoLibraryCollectionViewCellViewModel.swift */,
				62C1D9E325E7298900C3A312 /* PhotoLibraryViewController.swift */,
				62C1D9DB25E6C17200C3A312 /* PhotoLibraryService.swift */,
				62C1D9DD25E6C57300C3A312 /* PhotoLibraryModels.swift */,
				62C1D9B825E695EF00C3A312 /* Assets.xcassets */,
				62C1D9B525E695EC00C3A312 /* Main.storyboard */,
				62C1D9BA25E695EF00C3A312 /* LaunchScreen.storyboard */,
				62C1D9BD25E695EF00C3A312 /* Info.plist */,
			);
			path = PhotoLibrary;
			sourceTree = "<group>";
		};
		62C1D9C525E695EF00C3A312 /* PhotoLibraryTests */ = {
			isa = PBXGroup;
			children = (
				62C1D9C625E695EF00C3A312 /* PhotoLibraryTests.swift */,
				62C1D9C825E695EF00C3A312 /* Info.plist */,
			);
			path = PhotoLibraryTests;
			sourceTree = "<group>";
		};
/* End PBXGroup section */

/* Begin PBXNativeTarget section */
		62C1D9AB25E695EC00C3A312 /* PhotoLibrary */ = {
			isa = PBXNativeTarget;
			buildConfigurationList = 62C1D9CB25E695EF00C3A312 /* Build configuration list for PBXNativeTarget "PhotoLibrary" */;
			buildPhases = (
				62C1D9A825E695EC00C3A312 /* Sources */,
				62C1D9A925E695EC00C3A312 /* Frameworks */,
				62C1D9AA25E695EC00C3A312 /* Resources */,
			);
			buildRules = (
			);
			dependencies = (
			);
			name = PhotoLibrary;
			packageProductDependencies = (
				62C1D9D225E6A51D00C3A312 /* Alamofire */,
				62C1D9D725E6A5AF00C3A312 /* RxSwift */,
				62C1D9D925E6A5AF00C3A312 /* RxCocoa */,
			);
			productName = PhotoLibrary;
			productReference = 62C1D9AC25E695EC00C3A312 /* PhotoLibrary.app */;
			productType = "com.apple.product-type.application";
		};
		62C1D9C125E695EF00C3A312 /* PhotoLibraryTests */ = {
			isa = PBXNativeTarget;
			buildConfigurationList = 62C1D9CE25E695EF00C3A312 /* Build configuration list for PBXNativeTarget "PhotoLibraryTests" */;
			buildPhases = (
				62C1D9BE25E695EF00C3A312 /* Sources */,
				62C1D9BF25E695EF00C3A312 /* Frameworks */,
				62C1D9C025E695EF00C3A312 /* Resources */,
			);
			buildRules = (
			);
			dependencies = (
				62C1D9C425E695EF00C3A312 /* PBXTargetDependency */,
			);
			name = PhotoLibraryTests;
			productName = PhotoLibraryTests;
			productReference = 62C1D9C225E695EF00C3A312 /* PhotoLibraryTests.xctest */;
			productType = "com.apple.product-type.bundle.unit-test";
		};
/* End PBXNativeTarget section */

/* Begin PBXProject section */
		62C1D9A425E695EC00C3A312 /* Project object */ = {
			isa = PBXProject;
			attributes = {
				LastSwiftUpdateCheck = 1170;
				LastUpgradeCheck = 1170;
				ORGANIZATIONNAME = "Arthur Giachini";
				TargetAttributes = {
					62C1D9AB25E695EC00C3A312 = {
						CreatedOnToolsVersion = 11.7;
					};
					62C1D9C125E695EF00C3A312 = {
						CreatedOnToolsVersion = 11.7;
						TestTargetID = 62C1D9AB25E695EC00C3A312;
					};
				};
			};
			buildConfigurationList = 62C1D9A725E695EC00C3A312 /* Build configuration list for PBXProject "PhotoLibrary" */;
			compatibilityVersion = "Xcode 9.3";
			developmentRegion = en;
			hasScannedForEncodings = 0;
			knownRegions = (
				en,
				Base,
			);
			mainGroup = 62C1D9A325E695EC00C3A312;
			packageReferences = (
				62C1D9D125E6A51D00C3A312 /* XCRemoteSwiftPackageReference "Alamofire" */,
				62C1D9D425E6A5AF00C3A312 /* XCRemoteSwiftPackageReference "RxSwift" */,
			);
			productRefGroup = 62C1D9AD25E695EC00C3A312 /* Products */;
			projectDirPath = "";
			projectRoot = "";
			targets = (
				62C1D9AB25E695EC00C3A312 /* PhotoLibrary */,
				62C1D9C125E695EF00C3A312 /* PhotoLibraryTests */,
			);
		};
/* End PBXProject section */

/* Begin PBXResourcesBuildPhase section */
		62C1D9AA25E695EC00C3A312 /* Resources */ = {
			isa = PBXResourcesBuildPhase;
			buildActionMask = 2147483647;
			files = (
				62C1D9BC25E695EF00C3A312 /* LaunchScreen.storyboard in Resources */,
				62C1D9B925E695EF00C3A312 /* Assets.xcassets in Resources */,
				62C1D9B725E695EC00C3A312 /* Main.storyboard in Resources */,
			);
			runOnlyForDeploymentPostprocessing = 0;
		};
		62C1D9C025E695EF00C3A312 /* Resources */ = {
			isa = PBXResourcesBuildPhase;
			buildActionMask = 2147483647;
			files = (
			);
			runOnlyForDeploymentPostprocessing = 0;
		};
/* End PBXResourcesBuildPhase section */

/* Begin PBXSourcesBuildPhase section */
		62C1D9A825E695EC00C3A312 /* Sources */ = {
			isa = PBXSourcesBuildPhase;
			buildActionMask = 2147483647;
			files = (
				62C1D9E625E72A7D00C3A312 /* PhotoLibraryCollectionViewCell.swift in Sources */,
				62C1D9DC25E6C17200C3A312 /* PhotoLibraryService.swift in Sources */,
				62C1D9E825E7F49D00C3A312 /* PhotoLibraryCollectionViewCellViewModel.swift in Sources */,
				62C1D9DE25E6C57300C3A312 /* PhotoLibraryModels.swift in Sources */,
				62C1D9E225E7298000C3A312 /* PhotoLibraryView.swift in Sources */,
				62C1D9B025E695EC00C3A312 /* AppDelegate.swift in Sources */,
				62C1D9E425E7298900C3A312 /* PhotoLibraryViewController.swift in Sources */,
				62C1D9B225E695EC00C3A312 /* SceneDelegate.swift in Sources */,
			);
			runOnlyForDeploymentPostprocessing = 0;
		};
		62C1D9BE25E695EF00C3A312 /* Sources */ = {
			isa = PBXSourcesBuildPhase;
			buildActionMask = 2147483647;
			files = (
				62C1D9C725E695EF00C3A312 /* PhotoLibraryTests.swift in Sources */,
			);
			runOnlyForDeploymentPostprocessing = 0;
		};
/* End PBXSourcesBuildPhase section */

/* Begin PBXTargetDependency section */
		62C1D9C425E695EF00C3A312 /* PBXTargetDependency */ = {
			isa = PBXTargetDependency;
			target = 62C1D9AB25E695EC00C3A312 /* PhotoLibrary */;
			targetProxy = 62C1D9C325E695EF00C3A312 /* PBXContainerItemProxy */;
		};
/* End PBXTargetDependency section */

/* Begin PBXVariantGroup section */
		62C1D9B525E695EC00C3A312 /* Main.storyboard */ = {
			isa = PBXVariantGroup;
			children = (
				62C1D9B625E695EC00C3A312 /* Base */,
			);
			name = Main.storyboard;
			sourceTree = "<group>";
		};
		62C1D9BA25E695EF00C3A312 /* LaunchScreen.storyboard */ = {
			isa = PBXVariantGroup;
			children = (
				62C1D9BB25E695EF00C3A312 /* Base */,
			);
			name = LaunchScreen.storyboard;
			sourceTree = "<group>";
		};
/* End PBXVariantGroup section */

/* Begin XCBuildConfiguration section */
		62C1D9C925E695EF00C3A312 /* Debug */ = {
			isa = XCBuildConfiguration;
			buildSettings = {
				ALWAYS_SEARCH_USER_PATHS = NO;
				CLANG_ANALYZER_NONNULL = YES;
				CLANG_ANALYZER_NUMBER_OBJECT_CONVERSION = YES_AGGRESSIVE;
				CLANG_CXX_LANGUAGE_STANDARD = "gnu++14";
				CLANG_CXX_LIBRARY = "libc++";
				CLANG_ENABLE_MODULES = YES;
				CLANG_ENABLE_OBJC_ARC = YES;
				CLANG_ENABLE_OBJC_WEAK = YES;
				CLANG_WARN_BLOCK_CAPTURE_AUTORELEASING = YES;
				CLANG_WARN_BOOL_CONVERSION = YES;
				CLANG_WARN_COMMA = YES;
				CLANG_WARN_CONSTANT_CONVERSION = YES;
				CLANG_WARN_DEPRECATED_OBJC_IMPLEMENTATIONS = YES;
				CLANG_WARN_DIRECT_OBJC_ISA_USAGE = YES_ERROR;
				CLANG_WARN_DOCUMENTATION_COMMENTS = YES;
				CLANG_WARN_EMPTY_BODY = YES;
				CLANG_WARN_ENUM_CONVERSION = YES;
				CLANG_WARN_INFINITE_RECURSION = YES;
				CLANG_WARN_INT_CONVERSION = YES;
				CLANG_WARN_NON_LITERAL_NULL_CONVERSION = YES;
				CLANG_WARN_OBJC_IMPLICIT_RETAIN_SELF = YES;
				CLANG_WARN_OBJC_LITERAL_CONVERSION = YES;
				CLANG_WARN_OBJC_ROOT_CLASS = YES_ERROR;
				CLANG_WARN_RANGE_LOOP_ANALYSIS = YES;
				CLANG_WARN_STRICT_PROTOTYPES = YES;
				CLANG_WARN_SUSPICIOUS_MOVE = YES;
				CLANG_WARN_UNGUARDED_AVAILABILITY = YES_AGGRESSIVE;
				CLANG_WARN_UNREACHABLE_CODE = YES;
				CLANG_WARN__DUPLICATE_METHOD_MATCH = YES;
				COPY_PHASE_STRIP = NO;
				DEBUG_INFORMATION_FORMAT = dwarf;
				ENABLE_STRICT_OBJC_MSGSEND = YES;
				ENABLE_TESTABILITY = YES;
				GCC_C_LANGUAGE_STANDARD = gnu11;
				GCC_DYNAMIC_NO_PIC = NO;
				GCC_NO_COMMON_BLOCKS = YES;
				GCC_OPTIMIZATION_LEVEL = 0;
				GCC_PREPROCESSOR_DEFINITIONS = (
					"DEBUG=1",
					"$(inherited)",
				);
				GCC_WARN_64_TO_32_BIT_CONVERSION = YES;
				GCC_WARN_ABOUT_RETURN_TYPE = YES_ERROR;
				GCC_WARN_UNDECLARED_SELECTOR = YES;
				GCC_WARN_UNINITIALIZED_AUTOS = YES_AGGRESSIVE;
				GCC_WARN_UNUSED_FUNCTION = YES;
				GCC_WARN_UNUSED_VARIABLE = YES;
				IPHONEOS_DEPLOYMENT_TARGET = 13.7;
				MTL_ENABLE_DEBUG_INFO = INCLUDE_SOURCE;
				MTL_FAST_MATH = YES;
				ONLY_ACTIVE_ARCH = YES;
				SDKROOT = iphoneos;
				SWIFT_ACTIVE_COMPILATION_CONDITIONS = DEBUG;
				SWIFT_OPTIMIZATION_LEVEL = "-Onone";
			};
			name = Debug;
		};
		62C1D9CA25E695EF00C3A312 /* Release */ = {
			isa = XCBuildConfiguration;
			buildSettings = {
				ALWAYS_SEARCH_USER_PATHS = NO;
				CLANG_ANALYZER_NONNULL = YES;
				CLANG_ANALYZER_NUMBER_OBJECT_CONVERSION = YES_AGGRESSIVE;
				CLANG_CXX_LANGUAGE_STANDARD = "gnu++14";
				CLANG_CXX_LIBRARY = "libc++";
				CLANG_ENABLE_MODULES = YES;
				CLANG_ENABLE_OBJC_ARC = YES;
				CLANG_ENABLE_OBJC_WEAK = YES;
				CLANG_WARN_BLOCK_CAPTURE_AUTORELEASING = YES;
				CLANG_WARN_BOOL_CONVERSION = YES;
				CLANG_WARN_COMMA = YES;
				CLANG_WARN_CONSTANT_CONVERSION = YES;
				CLANG_WARN_DEPRECATED_OBJC_IMPLEMENTATIONS = YES;
				CLANG_WARN_DIRECT_OBJC_ISA_USAGE = YES_ERROR;
				CLANG_WARN_DOCUMENTATION_COMMENTS = YES;
				CLANG_WARN_EMPTY_BODY = YES;
				CLANG_WARN_ENUM_CONVERSION = YES;
				CLANG_WARN_INFINITE_RECURSION = YES;
				CLANG_WARN_INT_CONVERSION = YES;
				CLANG_WARN_NON_LITERAL_NULL_CONVERSION = YES;
				CLANG_WARN_OBJC_IMPLICIT_RETAIN_SELF = YES;
				CLANG_WARN_OBJC_LITERAL_CONVERSION = YES;
				CLANG_WARN_OBJC_ROOT_CLASS = YES_ERROR;
				CLANG_WARN_RANGE_LOOP_ANALYSIS = YES;
				CLANG_WARN_STRICT_PROTOTYPES = YES;
				CLANG_WARN_SUSPICIOUS_MOVE = YES;
				CLANG_WARN_UNGUARDED_AVAILABILITY = YES_AGGRESSIVE;
				CLANG_WARN_UNREACHABLE_CODE = YES;
				CLANG_WARN__DUPLICATE_METHOD_MATCH = YES;
				COPY_PHASE_STRIP = NO;
				DEBUG_INFORMATION_FORMAT = "dwarf-with-dsym";
				ENABLE_NS_ASSERTIONS = NO;
				ENABLE_STRICT_OBJC_MSGSEND = YES;
				GCC_C_LANGUAGE_STANDARD = gnu11;
				GCC_NO_COMMON_BLOCKS = YES;
				GCC_WARN_64_TO_32_BIT_CONVERSION = YES;
				GCC_WARN_ABOUT_RETURN_TYPE = YES_ERROR;
				GCC_WARN_UNDECLARED_SELECTOR = YES;
				GCC_WARN_UNINITIALIZED_AUTOS = YES_AGGRESSIVE;
				GCC_WARN_UNUSED_FUNCTION = YES;
				GCC_WARN_UNUSED_VARIABLE = YES;
				IPHONEOS_DEPLOYMENT_TARGET = 13.7;
				MTL_ENABLE_DEBUG_INFO = NO;
				MTL_FAST_MATH = YES;
				SDKROOT = iphoneos;
				SWIFT_COMPILATION_MODE = wholemodule;
				SWIFT_OPTIMIZATION_LEVEL = "-O";
				VALIDATE_PRODUCT = YES;
			};
			name = Release;
		};
		62C1D9CC25E695EF00C3A312 /* Debug */ = {
			isa = XCBuildConfiguration;
			buildSettings = {
				ASSETCATALOG_COMPILER_APPICON_NAME = AppIcon;
				CODE_SIGN_STYLE = Automatic;
				DEVELOPMENT_TEAM = W6A9T7V8J6;
				INFOPLIST_FILE = PhotoLibrary/Info.plist;
				LD_RUNPATH_SEARCH_PATHS = (
					"$(inherited)",
					"@executable_path/Frameworks",
				);
				PRODUCT_BUNDLE_IDENTIFIER = com.arthurgiachini.PhotoLibrary;
				PRODUCT_NAME = "$(TARGET_NAME)";
				SWIFT_VERSION = 5.0;
				TARGETED_DEVICE_FAMILY = "1,2";
			};
			name = Debug;
		};
		62C1D9CD25E695EF00C3A312 /* Release */ = {
			isa = XCBuildConfiguration;
			buildSettings = {
				ASSETCATALOG_COMPILER_APPICON_NAME = AppIcon;
				CODE_SIGN_STYLE = Automatic;
				DEVELOPMENT_TEAM = W6A9T7V8J6;
				INFOPLIST_FILE = PhotoLibrary/Info.plist;
				LD_RUNPATH_SEARCH_PATHS = (
					"$(inherited)",
					"@executable_path/Frameworks",
				);
				PRODUCT_BUNDLE_IDENTIFIER = com.arthurgiachini.PhotoLibrary;
				PRODUCT_NAME = "$(TARGET_NAME)";
				SWIFT_VERSION = 5.0;
				TARGETED_DEVICE_FAMILY = "1,2";
			};
			name = Release;
		};
		62C1D9CF25E695EF00C3A312 /* Debug */ = {
			isa = XCBuildConfiguration;
			buildSettings = {
				ALWAYS_EMBED_SWIFT_STANDARD_LIBRARIES = YES;
				BUNDLE_LOADER = "$(TEST_HOST)";
				CODE_SIGN_STYLE = Automatic;
				DEVELOPMENT_TEAM = W6A9T7V8J6;
				INFOPLIST_FILE = PhotoLibraryTests/Info.plist;
				IPHONEOS_DEPLOYMENT_TARGET = 13.7;
				LD_RUNPATH_SEARCH_PATHS = (
					"$(inherited)",
					"@executable_path/Frameworks",
					"@loader_path/Frameworks",
				);
				PRODUCT_BUNDLE_IDENTIFIER = com.arthurgiachini.PhotoLibraryTests;
				PRODUCT_NAME = "$(TARGET_NAME)";
				SWIFT_VERSION = 5.0;
				TARGETED_DEVICE_FAMILY = "1,2";
				TEST_HOST = "$(BUILT_PRODUCTS_DIR)/PhotoLibrary.app/PhotoLibrary";
			};
			name = Debug;
		};
		62C1D9D025E695EF00C3A312 /* Release */ = {
			isa = XCBuildConfiguration;
			buildSettings = {
				ALWAYS_EMBED_SWIFT_STANDARD_LIBRARIES = YES;
				BUNDLE_LOADER = "$(TEST_HOST)";
				CODE_SIGN_STYLE = Automatic;
				DEVELOPMENT_TEAM = W6A9T7V8J6;
				INFOPLIST_FILE = PhotoLibraryTests/Info.plist;
				IPHONEOS_DEPLOYMENT_TARGET = 13.7;
				LD_RUNPATH_SEARCH_PATHS = (
					"$(inherited)",
					"@executable_path/Frameworks",
					"@loader_path/Frameworks",
				);
				PRODUCT_BUNDLE_IDENTIFIER = com.arthurgiachini.PhotoLibraryTests;
				PRODUCT_NAME = "$(TARGET_NAME)";
				SWIFT_VERSION = 5.0;
				TARGETED_DEVICE_FAMILY = "1,2";
				TEST_HOST = "$(BUILT_PRODUCTS_DIR)/PhotoLibrary.app/PhotoLibrary";
			};
			name = Release;
		};
/* End XCBuildConfiguration section */

/* Begin XCConfigurationList section */
		62C1D9A725E695EC00C3A312 /* Build configuration list for PBXProject "PhotoLibrary" */ = {
			isa = XCConfigurationList;
			buildConfigurations = (
				62C1D9C925E695EF00C3A312 /* Debug */,
				62C1D9CA25E695EF00C3A312 /* Release */,
			);
			defaultConfigurationIsVisible = 0;
			defaultConfigurationName = Release;
		};
		62C1D9CB25E695EF00C3A312 /* Build configuration list for PBXNativeTarget "PhotoLibrary" */ = {
			isa = XCConfigurationList;
			buildConfigurations = (
				62C1D9CC25E695EF00C3A312 /* Debug */,
				62C1D9CD25E695EF00C3A312 /* Release */,
			);
			defaultConfigurationIsVisible = 0;
			defaultConfigurationName = Release;
		};
		62C1D9CE25E695EF00C3A312 /* Build configuration list for PBXNativeTarget "PhotoLibraryTests" */ = {
			isa = XCConfigurationList;
			buildConfigurations = (
				62C1D9CF25E695EF00C3A312 /* Debug */,
				62C1D9D025E695EF00C3A312 /* Release */,
			);
			defaultConfigurationIsVisible = 0;
			defaultConfigurationName = Release;
		};
/* End XCConfigurationList section */

/* Begin XCRemoteSwiftPackageReference section */
		62C1D9D125E6A51D00C3A312 /* XCRemoteSwiftPackageReference "Alamofire" */ = {
			isa = XCRemoteSwiftPackageReference;
			repositoryURL = "https://github.com/Alamofire/Alamofire";
			requirement = {
				kind = upToNextMajorVersion;
				minimumVersion = 5.4.1;
			};
		};
		62C1D9D425E6A5AF00C3A312 /* XCRemoteSwiftPackageReference "RxSwift" */ = {
			isa = XCRemoteSwiftPackageReference;
			repositoryURL = "https://github.com/ReactiveX/RxSwift";
			requirement = {
				kind = upToNextMajorVersion;
				minimumVersion = 6.1.0;
			};
		};
/* End XCRemoteSwiftPackageReference section */

/* Begin XCSwiftPackageProductDependency section */
		62C1D9D225E6A51D00C3A312 /* Alamofire */ = {
			isa = XCSwiftPackageProductDependency;
			package = 62C1D9D125E6A51D00C3A312 /* XCRemoteSwiftPackageReference "Alamofire" */;
			productName = Alamofire;
		};
		62C1D9D725E6A5AF00C3A312 /* RxSwift */ = {
			isa = XCSwiftPackageProductDependency;
			package = 62C1D9D425E6A5AF00C3A312 /* XCRemoteSwiftPackageReference "RxSwift" */;
			productName = RxSwift;
		};
		62C1D9D925E6A5AF00C3A312 /* RxCocoa */ = {
			isa = XCSwiftPackageProductDependency;
			package = 62C1D9D425E6A5AF00C3A312 /* XCRemoteSwiftPackageReference "RxSwift" */;
			productName = RxCocoa;
		};
/* End XCSwiftPackageProductDependency section */
	};
	rootObject = 62C1D9A425E695EC00C3A312 /* Project object */;
}
